
Microsoft Visual Studio Solution File, Format Version 12.00
# Visual Studio Version 16
VisualStudioVersion = 16.0.29806.167
MinimumVisualStudioVersion = 10.0.40219.1
Project("{FAE04EC0-301F-11D3-BF4B-00C04F79EFBC}") = "Caesar_Encoder", "Caesar_Encoder\Caesar_Encoder.csproj", "{125F07B9-07C6-4977-A85A-9FE13FEEEFCF}"
EndProject
Global
	GlobalSection(SolutionConfigurationPlatforms) = preSolution
		Debug|Any CPU = Debug|Any CPU
		Release|Any CPU = Release|Any CPU
	EndGlobalSection
	GlobalSection(ProjectConfigurationPlatforms) = postSolution
		{125F07B9-07C6-4977-A85A-9FE13FEEEFCF}.Debug|Any CPU.ActiveCfg = Debug|Any CPU
		{125F07B9-07C6-4977-A85A-9FE13FEEEFCF}.Debug|Any CPU.Build.0 = Debug|Any CPU
		{125F07B9-07C6-4977-A85A-9FE13FEEEFCF}.Release|Any CPU.ActiveCfg = Release|Any CPU
		{125F07B9-07C6-4977-A85A-9FE13FEEEFCF}.Release|Any CPU.Build.0 = Release|Any CPU
	EndGlobalSection
	GlobalSection(SolutionProperties) = preSolution
		HideSolutionNode = FALSE
	EndGlobalSection
	GlobalSection(ExtensibilityGlobals) = postSolution
		SolutionGuid = {61318482-A5A6-4039-A8B8-8EDBC7485DD1}
	EndGlobalSection
EndGlobal
